
Microsoft Visual Studio Solution File, Format Version 12.00
# Visual Studio 15
VisualStudioVersion = 15.0.27130.2036
MinimumVisualStudioVersion = 10.0.40219.1
Project("{FAE04EC0-301F-11D3-BF4B-00C04F79EFBC}") = "BoggleClient", "BoggleClient\BoggleClient.csproj", "{58AFAA9B-9136-4E70-9D6C-41B01D2130A6}"
EndProject
Global
	GlobalSection(SolutionConfigurationPlatforms) = preSolution
		Debug|Any CPU = Debug|Any CPU
		Release|Any CPU = Release|Any CPU
	EndGlobalSection
	GlobalSection(ProjectConfigurationPlatforms) = postSolution
		{58AFAA9B-9136-4E70-9D6C-41B01D2130A6}.Debug|Any CPU.ActiveCfg = Debug|Any CPU
		{58AFAA9B-9136-4E70-9D6C-41B01D2130A6}.Debug|Any CPU.Build.0 = Debug|Any CPU
		{58AFAA9B-9136-4E70-9D6C-41B01D2130A6}.Release|Any CPU.ActiveCfg = Release|Any CPU
		{58AFAA9B-9136-4E70-9D6C-41B01D2130A6}.Release|Any CPU.Build.0 = Release|Any CPU
	EndGlobalSection
	GlobalSection(SolutionProperties) = preSolution
		HideSolutionNode = FALSE
	EndGlobalSection
	GlobalSection(ExtensibilityGlobals) = postSolution
		SolutionGuid = {F53A75A2-826E-4B16-87A0-1EFCCF67E159}
	EndGlobalSection
EndGlobal
